
Microsoft Visual Studio Solution File, Format Version 11.00
# Visual Studio 2010
Project("{FAE04EC0-301F-11D3-BF4B-00C04F79EFBC}") = "TestAntenne", "TestAntenne\TestAntenne.csproj", "{020787BC-B998-4E1E-861B-8F191E10CB20}"
EndProject
Project("{FAE04EC0-301F-11D3-BF4B-00C04F79EFBC}") = "RFSwitcher", "RFSwitcher\RFSwitcher.csproj", "{3D276567-B05F-4102-A6F4-FC48F203AD11}"
EndProject
Global
	GlobalSection(SolutionConfigurationPlatforms) = preSolution
		Debug|x86 = Debug|x86
		Release|x86 = Release|x86
	EndGlobalSection
	GlobalSection(ProjectConfigurationPlatforms) = postSolution
		{020787BC-B998-4E1E-861B-8F191E10CB20}.Debug|x86.ActiveCfg = Debug|x86
		{020787BC-B998-4E1E-861B-8F191E10CB20}.Debug|x86.Build.0 = Debug|x86
		{020787BC-B998-4E1E-861B-8F191E10CB20}.Release|x86.ActiveCfg = Release|x86
		{020787BC-B998-4E1E-861B-8F191E10CB20}.Release|x86.Build.0 = Release|x86
		{3D276567-B05F-4102-A6F4-FC48F203AD11}.Debug|x86.ActiveCfg = Debug|x86
		{3D276567-B05F-4102-A6F4-FC48F203AD11}.Debug|x86.Build.0 = Debug|x86
		{3D276567-B05F-4102-A6F4-FC48F203AD11}.Release|x86.ActiveCfg = Release|x86
		{3D276567-B05F-4102-A6F4-FC48F203AD11}.Release|x86.Build.0 = Release|x86
	EndGlobalSection
	GlobalSection(SolutionProperties) = preSolution
		HideSolutionNode = FALSE
	EndGlobalSection
EndGlobal
